
Microsoft Visual Studio Solution File, Format Version 12.00
# Visual Studio Version 17
VisualStudioVersion = 17.0.32112.339
MinimumVisualStudioVersion = 10.0.40219.1
Project("{8BC9CEB8-8B4A-11D0-8D11-00A0C91BC942}") = "Chapter1_1", "Chapter1_1\Chapter1_1.vcxproj", "{5D8B3156-B9EB-481B-83AF-772180B117EC}"
EndProject
Project("{8BC9CEB8-8B4A-11D0-8D11-00A0C91BC942}") = "Chapter1_2", "Chapter1_2\Chapter1_2.vcxproj", "{C6EB0A9E-281A-4B94-84FE-663DE500200E}"
EndProject
Project("{8BC9CEB8-8B4A-11D0-8D11-00A0C91BC942}") = "Chapter1_3", "Chapter1_3\Chapter1_3.vcxproj", "{8E178278-FDF6-4BB7-8CD7-401A5541988E}"
EndProject
Project("{8BC9CEB8-8B4A-11D0-8D11-00A0C91BC942}") = "Chapter1_4", "Chapter1_4\Chapter1_4.vcxproj", "{BE617650-39DB-40AC-9126-D4E26FF71F2D}"
EndProject
Project("{8BC9CEB8-8B4A-11D0-8D11-00A0C91BC942}") = "Chapter1_5", "Chapter 1_5\Chapter 1_5.vcxproj", "{9ED852B6-98F4-4C6A-ACD8-8C7FD0607BE1}"
EndProject
Project("{8BC9CEB8-8B4A-11D0-8D11-00A0C91BC942}") = "Chapter1_6", "Chapter1_6\Chapter1_6.vcxproj", "{A03D6982-CEC8-4B0D-A501-513C0AC426CA}"
EndProject
Project("{8BC9CEB8-8B4A-11D0-8D11-00A0C91BC942}") = "Chapter1_7", "Chapter1_7\Chapter1_7.vcxproj", "{D16C10CC-704A-4DE4-960B-9F101CD48443}"
EndProject
Project("{8BC9CEB8-8B4A-11D0-8D11-00A0C91BC942}") = "Chapter1_8", "Chapter1_8\Chapter1_8.vcxproj", "{A2B75B2A-9E52-4750-A863-8F6D77EA8204}"
EndProject
Project("{8BC9CEB8-8B4A-11D0-8D11-00A0C91BC942}") = "Chapter1_9", "Chapter1_9\Chapter1_9.vcxproj", "{54974FFF-CE4D-4ECC-B5BC-A8254A6CF8B5}"
EndProject
Project("{8BC9CEB8-8B4A-11D0-8D11-00A0C91BC942}") = "Chapter1_10", "Chapter1_10\Chapter1_10.vcxproj", "{93E7C7CF-EDB7-4353-9CCF-914E7DBDBB56}"
EndProject
Project("{8BC9CEB8-8B4A-11D0-8D11-00A0C91BC942}") = "Chapter1_11", "Chapter1_11\Chapter1_11.vcxproj", "{88EAC750-2850-4F61-8327-8A56288A973F}"
EndProject
Project("{8BC9CEB8-8B4A-11D0-8D11-00A0C91BC942}") = "Chapter1_12", "Chapter1_12\Chapter1_12.vcxproj", "{4D55C62D-E24B-4A9B-A6B5-D4C82479639A}"
EndProject
Project("{8BC9CEB8-8B4A-11D0-8D11-00A0C91BC942}") = "Chapter1_13", "Chapter1_13\Chapter1_13.vcxproj", "{BF22E1FB-7DDA-4FFE-83A6-41220E840012}"
EndProject
Project("{8BC9CEB8-8B4A-11D0-8D11-00A0C91BC942}") = "Chapter1_14", "Chapter1_14\Chapter1_14.vcxproj", "{D3C04B3F-F8AD-4023-A4FD-B4C669B85CA7}"
EndProject
Project("{8BC9CEB8-8B4A-11D0-8D11-00A0C91BC942}") = "Chapter2_1", "Chapter2_1\Chapter2_1.vcxproj", "{DA8C916F-A132-4015-B057-21A387CD66C3}"
EndProject
Project("{8BC9CEB8-8B4A-11D0-8D11-00A0C91BC942}") = "Chpater2_2", "Chpater2_2\Chpater2_2.vcxproj", "{8099B1D0-8077-49B6-B395-879873F3E87E}"
EndProject
Project("{8BC9CEB8-8B4A-11D0-8D11-00A0C91BC942}") = "Chapter2_3", "Chapter2_3\Chapter2_3.vcxproj", "{74225411-3A59-416A-9962-EF1E4BEFE324}"
EndProject
Project("{8BC9CEB8-8B4A-11D0-8D11-00A0C91BC942}") = "Chapter2_4", "Chapter_2.4\Chapter_2.4.vcxproj", "{F3BDEAF1-7D34-4314-9ABD-80E43264AAD6}"
EndProject
Project("{8BC9CEB8-8B4A-11D0-8D11-00A0C91BC942}") = "Chapter2_5", "Chapter2_5\Chapter2_5.vcxproj", "{B7265847-9624-46B0-92BE-CDC1E6C8F637}"
EndProject
Project("{8BC9CEB8-8B4A-11D0-8D11-00A0C91BC942}") = "Chapter2_6", "Chapter2_6\Chapter2_6.vcxproj", "{8E1CF43F-9253-4CF6-96D7-76AD0AA59956}"
EndProject
Project("{8BC9CEB8-8B4A-11D0-8D11-00A0C91BC942}") = "OddorEven", "OddorEven\OddorEven.vcxproj", "{FF5F8DF5-FC0B-4EF2-9F40-45147352B753}"
EndProject
Global
	GlobalSection(SolutionConfigurationPlatforms) = preSolution
		Debug|x64 = Debug|x64
		Debug|x86 = Debug|x86
		Release|x64 = Release|x64
		Release|x86 = Release|x86
	EndGlobalSection
	GlobalSection(ProjectConfigurationPlatforms) = postSolution
		{5D8B3156-B9EB-481B-83AF-772180B117EC}.Debug|x64.ActiveCfg = Debug|x64
		{5D8B3156-B9EB-481B-83AF-772180B117EC}.Debug|x64.Build.0 = Debug|x64
		{5D8B3156-B9EB-481B-83AF-772180B117EC}.Debug|x86.ActiveCfg = Debug|Win32
		{5D8B3156-B9EB-481B-83AF-772180B117EC}.Debug|x86.Build.0 = Debug|Win32
		{5D8B3156-B9EB-481B-83AF-772180B117EC}.Release|x64.ActiveCfg = Release|x64
		{5D8B3156-B9EB-481B-83AF-772180B117EC}.Release|x64.Build.0 = Release|x64
		{5D8B3156-B9EB-481B-83AF-772180B117EC}.Release|x86.ActiveCfg = Release|Win32
		{5D8B3156-B9EB-481B-83AF-772180B117EC}.Release|x86.Build.0 = Release|Win32
		{C6EB0A9E-281A-4B94-84FE-663DE500200E}.Debug|x64.ActiveCfg = Debug|x64
		{C6EB0A9E-281A-4B94-84FE-663DE500200E}.Debug|x64.Build.0 = Debug|x64
		{C6EB0A9E-281A-4B94-84FE-663DE500200E}.Debug|x86.ActiveCfg = Debug|Win32
		{C6EB0A9E-281A-4B94-84FE-663DE500200E}.Debug|x86.Build.0 = Debug|Win32
		{C6EB0A9E-281A-4B94-84FE-663DE500200E}.Release|x64.ActiveCfg = Release|x64
		{C6EB0A9E-281A-4B94-84FE-663DE500200E}.Release|x64.Build.0 = Release|x64
		{C6EB0A9E-281A-4B94-84FE-663DE500200E}.Release|x86.ActiveCfg = Release|Win32
		{C6EB0A9E-281A-4B94-84FE-663DE500200E}.Release|x86.Build.0 = Release|Win32
		{8E178278-FDF6-4BB7-8CD7-401A5541988E}.Debug|x64.ActiveCfg = Debug|x64
		{8E178278-FDF6-4BB7-8CD7-401A5541988E}.Debug|x64.Build.0 = Debug|x64
		{8E178278-FDF6-4BB7-8CD7-401A5541988E}.Debug|x86.ActiveCfg = Debug|Win32
		{8E178278-FDF6-4BB7-8CD7-401A5541988E}.Debug|x86.Build.0 = Debug|Win32
		{8E178278-FDF6-4BB7-8CD7-401A5541988E}.Release|x64.ActiveCfg = Release|x64
		{8E178278-FDF6-4BB7-8CD7-401A5541988E}.Release|x64.Build.0 = Release|x64
		{8E178278-FDF6-4BB7-8CD7-401A5541988E}.Release|x86.ActiveCfg = Release|Win32
		{8E178278-FDF6-4BB7-8CD7-401A5541988E}.Release|x86.Build.0 = Release|Win32
		{BE617650-39DB-40AC-9126-D4E26FF71F2D}.Debug|x64.ActiveCfg = Debug|x64
		{BE617650-39DB-40AC-9126-D4E26FF71F2D}.Debug|x64.Build.0 = Debug|x64
		{BE617650-39DB-40AC-9126-D4E26FF71F2D}.Debug|x86.ActiveCfg = Debug|Win32
		{BE617650-39DB-40AC-9126-D4E26FF71F2D}.Debug|x86.Build.0 = Debug|Win32
		{BE617650-39DB-40AC-9126-D4E26FF71F2D}.Release|x64.ActiveCfg = Release|x64
		{BE617650-39DB-40AC-9126-D4E26FF71F2D}.Release|x64.Build.0 = Release|x64
		{BE617650-39DB-40AC-9126-D4E26FF71F2D}.Release|x86.ActiveCfg = Release|Win32
		{BE617650-39DB-40AC-9126-D4E26FF71F2D}.Release|x86.Build.0 = Release|Win32
		{9ED852B6-98F4-4C6A-ACD8-8C7FD0607BE1}.Debug|x64.ActiveCfg = Debug|x64
		{9ED852B6-98F4-4C6A-ACD8-8C7FD0607BE1}.Debug|x64.Build.0 = Debug|x64
		{9ED852B6-98F4-4C6A-ACD8-8C7FD0607BE1}.Debug|x86.ActiveCfg = Debug|Win32
		{9ED852B6-98F4-4C6A-ACD8-8C7FD0607BE1}.Debug|x86.Build.0 = Debug|Win32
		{9ED852B6-98F4-4C6A-ACD8-8C7FD0607BE1}.Release|x64.ActiveCfg = Release|x64
		{9ED852B6-98F4-4C6A-ACD8-8C7FD0607BE1}.Release|x64.Build.0 = Release|x64
		{9ED852B6-98F4-4C6A-ACD8-8C7FD0607BE1}.Release|x86.ActiveCfg = Release|Win32
		{9ED852B6-98F4-4C6A-ACD8-8C7FD0607BE1}.Release|x86.Build.0 = Release|Win32
		{A03D6982-CEC8-4B0D-A501-513C0AC426CA}.Debug|x64.ActiveCfg = Debug|x64
		{A03D6982-CEC8-4B0D-A501-513C0AC426CA}.Debug|x64.Build.0 = Debug|x64
		{A03D6982-CEC8-4B0D-A501-513C0AC426CA}.Debug|x86.ActiveCfg = Debug|Win32
		{A03D6982-CEC8-4B0D-A501-513C0AC426CA}.Debug|x86.Build.0 = Debug|Win32
		{A03D6982-CEC8-4B0D-A501-513C0AC426CA}.Release|x64.ActiveCfg = Release|x64
		{A03D6982-CEC8-4B0D-A501-513C0AC426CA}.Release|x64.Build.0 = Release|x64
		{A03D6982-CEC8-4B0D-A501-513C0AC426CA}.Release|x86.ActiveCfg = Release|Win32
		{A03D6982-CEC8-4B0D-A501-513C0AC426CA}.Release|x86.Build.0 = Release|Win32
		{D16C10CC-704A-4DE4-960B-9F101CD48443}.Debug|x64.ActiveCfg = Debug|x64
		{D16C10CC-704A-4DE4-960B-9F101CD48443}.Debug|x64.Build.0 = Debug|x64
		{D16C10CC-704A-4DE4-960B-9F101CD48443}.Debug|x86.ActiveCfg = Debug|Win32
		{D16C10CC-704A-4DE4-960B-9F101CD48443}.Debug|x86.Build.0 = Debug|Win32
		{D16C10CC-704A-4DE4-960B-9F101CD48443}.Release|x64.ActiveCfg = Release|x64
		{D16C10CC-704A-4DE4-960B-9F101CD48443}.Release|x64.Build.0 = Release|x64
		{D16C10CC-704A-4DE4-960B-9F101CD48443}.Release|x86.ActiveCfg = Release|Win32
		{D16C10CC-704A-4DE4-960B-9F101CD48443}.Release|x86.Build.0 = Release|Win32
		{A2B75B2A-9E52-4750-A863-8F6D77EA8204}.Debug|x64.ActiveCfg = Debug|x64
		{A2B75B2A-9E52-4750-A863-8F6D77EA8204}.Debug|x64.Build.0 = Debug|x64
		{A2B75B2A-9E52-4750-A863-8F6D77EA8204}.Debug|x86.ActiveCfg = Debug|Win32
		{A2B75B2A-9E52-4750-A863-8F6D77EA8204}.Debug|x86.Build.0 = Debug|Win32
		{A2B75B2A-9E52-4750-A863-8F6D77EA8204}.Release|x64.ActiveCfg = Release|x64
		{A2B75B2A-9E52-4750-A863-8F6D77EA8204}.Release|x64.Build.0 = Release|x64
		{A2B75B2A-9E52-4750-A863-8F6D77EA8204}.Release|x86.ActiveCfg = Release|Win32
		{A2B75B2A-9E52-4750-A863-8F6D77EA8204}.Release|x86.Build.0 = Release|Win32
		{54974FFF-CE4D-4ECC-B5BC-A8254A6CF8B5}.Debug|x64.ActiveCfg = Debug|x64
		{54974FFF-CE4D-4ECC-B5BC-A8254A6CF8B5}.Debug|x64.Build.0 = Debug|x64
		{54974FFF-CE4D-4ECC-B5BC-A8254A6CF8B5}.Debug|x86.ActiveCfg = Debug|Win32
		{54974FFF-CE4D-4ECC-B5BC-A8254A6CF8B5}.Debug|x86.Build.0 = Debug|Win32
		{54974FFF-CE4D-4ECC-B5BC-A8254A6CF8B5}.Release|x64.ActiveCfg = Release|x64
		{54974FFF-CE4D-4ECC-B5BC-A8254A6CF8B5}.Release|x64.Build.0 = Release|x64
		{54974FFF-CE4D-4ECC-B5BC-A8254A6CF8B5}.Release|x86.ActiveCfg = Release|Win32
		{54974FFF-CE4D-4ECC-B5BC-A8254A6CF8B5}.Release|x86.Build.0 = Release|Win32
		{93E7C7CF-EDB7-4353-9CCF-914E7DBDBB56}.Debug|x64.ActiveCfg = Debug|x64
		{93E7C7CF-EDB7-4353-9CCF-914E7DBDBB56}.Debug|x64.Build.0 = Debug|x64
		{93E7C7CF-EDB7-4353-9CCF-914E7DBDBB56}.Debug|x86.ActiveCfg = Debug|Win32
		{93E7C7CF-EDB7-4353-9CCF-914E7DBDBB56}.Debug|x86.Build.0 = Debug|Win32
		{93E7C7CF-EDB7-4353-9CCF-914E7DBDBB56}.Release|x64.ActiveCfg = Release|x64
		{93E7C7CF-EDB7-4353-9CCF-914E7DBDBB56}.Release|x64.Build.0 = Release|x64
		{93E7C7CF-EDB7-4353-9CCF-914E7DBDBB56}.Release|x86.ActiveCfg = Release|Win32
		{93E7C7CF-EDB7-4353-9CCF-914E7DBDBB56}.Release|x86.Build.0 = Release|Win32
		{88EAC750-2850-4F61-8327-8A56288A973F}.Debug|x64.ActiveCfg = Debug|x64
		{88EAC750-2850-4F61-8327-8A56288A973F}.Debug|x64.Build.0 = Debug|x64
		{88EAC750-2850-4F61-8327-8A56288A973F}.Debug|x86.ActiveCfg = Debug|Win32
		{88EAC750-2850-4F61-8327-8A56288A973F}.Debug|x86.Build.0 = Debug|Win32
		{88EAC750-2850-4F61-8327-8A56288A973F}.Release|x64.ActiveCfg = Release|x64
		{88EAC750-2850-4F61-8327-8A56288A973F}.Release|x64.Build.0 = Release|x64
		{88EAC750-2850-4F61-8327-8A56288A973F}.Release|x86.ActiveCfg = Release|Win32
		{88EAC750-2850-4F61-8327-8A56288A973F}.Release|x86.Build.0 = Release|Win32
		{4D55C62D-E24B-4A9B-A6B5-D4C82479639A}.Debug|x64.ActiveCfg = Debug|x64
		{4D55C62D-E24B-4A9B-A6B5-D4C82479639A}.Debug|x64.Build.0 = Debug|x64
		{4D55C62D-E24B-4A9B-A6B5-D4C82479639A}.Debug|x86.ActiveCfg = Debug|Win32
		{4D55C62D-E24B-4A9B-A6B5-D4C82479639A}.Debug|x86.Build.0 = Debug|Win32
		{4D55C62D-E24B-4A9B-A6B5-D4C82479639A}.Release|x64.ActiveCfg = Release|x64
		{4D55C62D-E24B-4A9B-A6B5-D4C82479639A}.Release|x64.Build.0 = Release|x64
		{4D55C62D-E24B-4A9B-A6B5-D4C82479639A}.Release|x86.ActiveCfg = Release|Win32
		{4D55C62D-E24B-4A9B-A6B5-D4C82479639A}.Release|x86.Build.0 = Release|Win32
		{BF22E1FB-7DDA-4FFE-83A6-41220E840012}.Debug|x64.ActiveCfg = Debug|x64
		{BF22E1FB-7DDA-4FFE-83A6-41220E840012}.Debug|x64.Build.0 = Debug|x64
		{BF22E1FB-7DDA-4FFE-83A6-41220E840012}.Debug|x86.ActiveCfg = Debug|Win32
		{BF22E1FB-7DDA-4FFE-83A6-41220E840012}.Debug|x86.Build.0 = Debug|Win32
		{BF22E1FB-7DDA-4FFE-83A6-41220E840012}.Release|x64.ActiveCfg = Release|x64
		{BF22E1FB-7DDA-4FFE-83A6-41220E840012}.Release|x64.Build.0 = Release|x64
		{BF22E1FB-7DDA-4FFE-83A6-41220E840012}.Release|x86.ActiveCfg = Release|Win32
		{BF22E1FB-7DDA-4FFE-83A6-41220E840012}.Release|x86.Build.0 = Release|Win32
		{D3C04B3F-F8AD-4023-A4FD-B4C669B85CA7}.Debug|x64.ActiveCfg = Debug|x64
		{D3C04B3F-F8AD-4023-A4FD-B4C669B85CA7}.Debug|x64.Build.0 = Debug|x64
		{D3C04B3F-F8AD-4023-A4FD-B4C669B85CA7}.Debug|x86.ActiveCfg = Debug|Win32
		{D3C04B3F-F8AD-4023-A4FD-B4C669B85CA7}.Debug|x86.Build.0 = Debug|Win32
		{D3C04B3F-F8AD-4023-A4FD-B4C669B85CA7}.Release|x64.ActiveCfg = Release|x64
		{D3C04B3F-F8AD-4023-A4FD-B4C669B85CA7}.Release|x64.Build.0 = Release|x64
		{D3C04B3F-F8AD-4023-A4FD-B4C669B85CA7}.Release|x86.ActiveCfg = Release|Win32
		{D3C04B3F-F8AD-4023-A4FD-B4C669B85CA7}.Release|x86.Build.0 = Release|Win32
		{DA8C916F-A132-4015-B057-21A387CD66C3}.Debug|x64.ActiveCfg = Debug|x64
		{DA8C916F-A132-4015-B057-21A387CD66C3}.Debug|x64.Build.0 = Debug|x64
		{DA8C916F-A132-4015-B057-21A387CD66C3}.Debug|x86.ActiveCfg = Debug|Win32
		{DA8C916F-A132-4015-B057-21A387CD66C3}.Debug|x86.Build.0 = Debug|Win32
		{DA8C916F-A132-4015-B057-21A387CD66C3}.Release|x64.ActiveCfg = Release|x64
		{DA8C916F-A132-4015-B057-21A387CD66C3}.Release|x64.Build.0 = Release|x64
		{DA8C916F-A132-4015-B057-21A387CD66C3}.Release|x86.ActiveCfg = Release|Win32
		{DA8C916F-A132-4015-B057-21A387CD66C3}.Release|x86.Build.0 = Release|Win32
		{8099B1D0-8077-49B6-B395-879873F3E87E}.Debug|x64.ActiveCfg = Debug|x64
		{8099B1D0-8077-49B6-B395-879873F3E87E}.Debug|x64.Build.0 = Debug|x64
		{8099B1D0-8077-49B6-B395-879873F3E87E}.Debug|x86.ActiveCfg = Debug|Win32
		{8099B1D0-8077-49B6-B395-879873F3E87E}.Debug|x86.Build.0 = Debug|Win32
		{8099B1D0-8077-49B6-B395-879873F3E87E}.Release|x64.ActiveCfg = Release|x64
		{8099B1D0-8077-49B6-B395-879873F3E87E}.Release|x64.Build.0 = Release|x64
		{8099B1D0-8077-49B6-B395-879873F3E87E}.Release|x86.ActiveCfg = Release|Win32
		{8099B1D0-8077-49B6-B395-879873F3E87E}.Release|x86.Build.0 = Release|Win32
		{74225411-3A59-416A-9962-EF1E4BEFE324}.Debug|x64.ActiveCfg = Debug|x64
		{74225411-3A59-416A-9962-EF1E4BEFE324}.Debug|x64.Build.0 = Debug|x64
		{74225411-3A59-416A-9962-EF1E4BEFE324}.Debug|x86.ActiveCfg = Debug|Win32
		{74225411-3A59-416A-9962-EF1E4BEFE324}.Debug|x86.Build.0 = Debug|Win32
		{74225411-3A59-416A-9962-EF1E4BEFE324}.Release|x64.ActiveCfg = Release|x64
		{74225411-3A59-416A-9962-EF1E4BEFE324}.Release|x64.Build.0 = Release|x64
		{74225411-3A59-416A-9962-EF1E4BEFE324}.Release|x86.ActiveCfg = Release|Win32
		{74225411-3A59-416A-9962-EF1E4BEFE324}.Release|x86.Build.0 = Release|Win32
		{F3BDEAF1-7D34-4314-9ABD-80E43264AAD6}.Debug|x64.ActiveCfg = Debug|x64
		{F3BDEAF1-7D34-4314-9ABD-80E43264AAD6}.Debug|x64.Build.0 = Debug|x64
		{F3BDEAF1-7D34-4314-9ABD-80E43264AAD6}.Debug|x86.ActiveCfg = Debug|Win32
		{F3BDEAF1-7D34-4314-9ABD-80E43264AAD6}.Debug|x86.Build.0 = Debug|Win32
		{F3BDEAF1-7D34-4314-9ABD-80E43264AAD6}.Release|x64.ActiveCfg = Release|x64
		{F3BDEAF1-7D34-4314-9ABD-80E43264AAD6}.Release|x64.Build.0 = Release|x64
		{F3BDEAF1-7D34-4314-9ABD-80E43264AAD6}.Release|x86.ActiveCfg = Release|Win32
		{F3BDEAF1-7D34-4314-9ABD-80E43264AAD6}.Release|x86.Build.0 = Release|Win32
		{B7265847-9624-46B0-92BE-CDC1E6C8F637}.Debug|x64.ActiveCfg = Debug|x64
		{B7265847-9624-46B0-92BE-CDC1E6C8F637}.Debug|x64.Build.0 = Debug|x64
		{B7265847-9624-46B0-92BE-CDC1E6C8F637}.Debug|x86.ActiveCfg = Debug|Win32
		{B7265847-9624-46B0-92BE-CDC1E6C8F637}.Debug|x86.Build.0 = Debug|Win32
		{B7265847-9624-46B0-92BE-CDC1E6C8F637}.Release|x64.ActiveCfg = Release|x64
		{B7265847-9624-46B0-92BE-CDC1E6C8F637}.Release|x64.Build.0 = Release|x64
		{B7265847-9624-46B0-92BE-CDC1E6C8F637}.Release|x86.ActiveCfg = Release|Win32
		{B7265847-9624-46B0-92BE-CDC1E6C8F637}.Release|x86.Build.0 = Release|Win32
		{8E1CF43F-9253-4CF6-96D7-76AD0AA59956}.Debug|x64.ActiveCfg = Debug|x64
		{8E1CF43F-9253-4CF6-96D7-76AD0AA59956}.Debug|x64.Build.0 = Debug|x64
		{8E1CF43F-9253-4CF6-96D7-76AD0AA59956}.Debug|x86.ActiveCfg = Debug|Win32
		{8E1CF43F-9253-4CF6-96D7-76AD0AA59956}.Debug|x86.Build.0 = Debug|Win32
		{8E1CF43F-9253-4CF6-96D7-76AD0AA59956}.Release|x64.ActiveCfg = Release|x64
		{8E1CF43F-9253-4CF6-96D7-76AD0AA59956}.Release|x64.Build.0 = Release|x64
		{8E1CF43F-9253-4CF6-96D7-76AD0AA59956}.Release|x86.ActiveCfg = Release|Win32
		{8E1CF43F-9253-4CF6-96D7-76AD0AA59956}.Release|x86.Build.0 = Release|Win32
		{FF5F8DF5-FC0B-4EF2-9F40-45147352B753}.Debug|x64.ActiveCfg = Debug|x64
		{FF5F8DF5-FC0B-4EF2-9F40-45147352B753}.Debug|x64.Build.0 = Debug|x64
		{FF5F8DF5-FC0B-4EF2-9F40-45147352B753}.Debug|x86.ActiveCfg = Debug|Win32
		{FF5F8DF5-FC0B-4EF2-9F40-45147352B753}.Debug|x86.Build.0 = Debug|Win32
		{FF5F8DF5-FC0B-4EF2-9F40-45147352B753}.Release|x64.ActiveCfg = Release|x64
		{FF5F8DF5-FC0B-4EF2-9F40-45147352B753}.Release|x64.Build.0 = Release|x64
		{FF5F8DF5-FC0B-4EF2-9F40-45147352B753}.Release|x86.ActiveCfg = Release|Win32
		{FF5F8DF5-FC0B-4EF2-9F40-45147352B753}.Release|x86.Build.0 = Release|Win32
	EndGlobalSection
	GlobalSection(SolutionProperties) = preSolution
		HideSolutionNode = FALSE
	EndGlobalSection
	GlobalSection(ExtensibilityGlobals) = postSolution
		SolutionGuid = {031D1E57-78BA-405D-82EE-62E3A8C97DE8}
	EndGlobalSection
EndGlobal
